// !$*UTF8*$!
{
	archiveVersion = 1;
	classes = {
	};
	objectVersion = 56;
	objects = {

/* Begin PBXBuildFile section */
		328A3C952BB2DE5800B72204 /* SurveyApp.swift in Sources */ = {isa = PBXBuildFile; fileRef = 328A3C942BB2DE5800B72204 /* SurveyApp.swift */; };
		328A3C972BB2DE5800B72204 /* ContentView.swift in Sources */ = {isa = PBXBuildFile; fileRef = 328A3C962BB2DE5800B72204 /* ContentView.swift */; };
		328A3C992BB2DE5900B72204 /* Assets.xcassets in Resources */ = {isa = PBXBuildFile; fileRef = 328A3C982BB2DE5900B72204 /* Assets.xcassets */; };
		328A3C9C2BB2DE5900B72204 /* Preview Assets.xcassets in Resources */ = {isa = PBXBuildFile; fileRef = 328A3C9B2BB2DE5900B72204 /* Preview Assets.xcassets */; };
		328A3CA62BB2DE5900B72204 /* SurveyTests.swift in Sources */ = {isa = PBXBuildFile; fileRef = 328A3CA52BB2DE5900B72204 /* SurveyTests.swift */; };
		328A3CB02BB2DE5900B72204 /* SurveyUITests.swift in Sources */ = {isa = PBXBuildFile; fileRef = 328A3CAF2BB2DE5900B72204 /* SurveyUITests.swift */; };
		328A3CB22BB2DE5900B72204 /* SurveyUITestsLaunchTests.swift in Sources */ = {isa = PBXBuildFile; fileRef = 328A3CB12BB2DE5900B72204 /* SurveyUITestsLaunchTests.swift */; };
		328A3CD22BB4524100B72204 /* LoggerInfo.swift in Sources */ = {isa = PBXBuildFile; fileRef = 328A3CBE2BB4524100B72204 /* LoggerInfo.swift */; };
		328A3CD32BB4524100B72204 /* NetworkError.swift in Sources */ = {isa = PBXBuildFile; fileRef = 328A3CBF2BB4524100B72204 /* NetworkError.swift */; };
		328A3CD52BB4524100B72204 /* NetworkingManager.swift in Sources */ = {isa = PBXBuildFile; fileRef = 328A3CC22BB4524100B72204 /* NetworkingManager.swift */; };
		328A3CD62BB4524100B72204 /* RequestProtocol.swift in Sources */ = {isa = PBXBuildFile; fileRef = 328A3CC32BB4524100B72204 /* RequestProtocol.swift */; };
		328A3CD72BB4524100B72204 /* RequestType.swift in Sources */ = {isa = PBXBuildFile; fileRef = 328A3CC42BB4524100B72204 /* RequestType.swift */; };
		328A3CDC2BB4542F00B72204 /* QuestionsRequest.swift in Sources */ = {isa = PBXBuildFile; fileRef = 328A3CDB2BB4542F00B72204 /* QuestionsRequest.swift */; };
/* End PBXBuildFile section */

/* Begin PBXContainerItemProxy section */
		328A3CA22BB2DE5900B72204 /* PBXContainerItemProxy */ = {
			isa = PBXContainerItemProxy;
			containerPortal = 328A3C892BB2DE5800B72204 /* Project object */;
			proxyType = 1;
			remoteGlobalIDString = 328A3C902BB2DE5800B72204;
			remoteInfo = Survey;
		};
		328A3CAC2BB2DE5900B72204 /* PBXContainerItemProxy */ = {
			isa = PBXContainerItemProxy;
			containerPortal = 328A3C892BB2DE5800B72204 /* Project object */;
			proxyType = 1;
			remoteGlobalIDString = 328A3C902BB2DE5800B72204;
			remoteInfo = Survey;
		};
/* End PBXContainerItemProxy section */

/* Begin PBXFileReference section */
		328A3C912BB2DE5800B72204 /* Survey.app */ = {isa = PBXFileReference; explicitFileType = wrapper.application; includeInIndex = 0; path = Survey.app; sourceTree = BUILT_PRODUCTS_DIR; };
		328A3C942BB2DE5800B72204 /* SurveyApp.swift */ = {isa = PBXFileReference; lastKnownFileType = sourcecode.swift; path = SurveyApp.swift; sourceTree = "<group>"; };
		328A3C962BB2DE5800B72204 /* ContentView.swift */ = {isa = PBXFileReference; lastKnownFileType = sourcecode.swift; path = ContentView.swift; sourceTree = "<group>"; };
		328A3C982BB2DE5900B72204 /* Assets.xcassets */ = {isa = PBXFileReference; lastKnownFileType = folder.assetcatalog; path = Assets.xcassets; sourceTree = "<group>"; };
		328A3C9B2BB2DE5900B72204 /* Preview Assets.xcassets */ = {isa = PBXFileReference; lastKnownFileType = folder.assetcatalog; path = "Preview Assets.xcassets"; sourceTree = "<group>"; };
		328A3CA12BB2DE5900B72204 /* SurveyTests.xctest */ = {isa = PBXFileReference; explicitFileType = wrapper.cfbundle; includeInIndex = 0; path = SurveyTests.xctest; sourceTree = BUILT_PRODUCTS_DIR; };
		328A3CA52BB2DE5900B72204 /* SurveyTests.swift */ = {isa = PBXFileReference; lastKnownFileType = sourcecode.swift; path = SurveyTests.swift; sourceTree = "<group>"; };
		328A3CAB2BB2DE5900B72204 /* SurveyUITests.xctest */ = {isa = PBXFileReference; explicitFileType = wrapper.cfbundle; includeInIndex = 0; path = SurveyUITests.xctest; sourceTree = BUILT_PRODUCTS_DIR; };
		328A3CAF2BB2DE5900B72204 /* SurveyUITests.swift */ = {isa = PBXFileReference; lastKnownFileType = sourcecode.swift; path = SurveyUITests.swift; sourceTree = "<group>"; };
		328A3CB12BB2DE5900B72204 /* SurveyUITestsLaunchTests.swift */ = {isa = PBXFileReference; lastKnownFileType = sourcecode.swift; path = SurveyUITestsLaunchTests.swift; sourceTree = "<group>"; };
		328A3CBE2BB4524100B72204 /* LoggerInfo.swift */ = {isa = PBXFileReference; fileEncoding = 4; lastKnownFileType = sourcecode.swift; path = LoggerInfo.swift; sourceTree = "<group>"; };
		328A3CBF2BB4524100B72204 /* NetworkError.swift */ = {isa = PBXFileReference; fileEncoding = 4; lastKnownFileType = sourcecode.swift; path = NetworkError.swift; sourceTree = "<group>"; };
		328A3CC22BB4524100B72204 /* NetworkingManager.swift */ = {isa = PBXFileReference; fileEncoding = 4; lastKnownFileType = sourcecode.swift; path = NetworkingManager.swift; sourceTree = "<group>"; };
		328A3CC32BB4524100B72204 /* RequestProtocol.swift */ = {isa = PBXFileReference; fileEncoding = 4; lastKnownFileType = sourcecode.swift; path = RequestProtocol.swift; sourceTree = "<group>"; };
		328A3CC42BB4524100B72204 /* RequestType.swift */ = {isa = PBXFileReference; fileEncoding = 4; lastKnownFileType = sourcecode.swift; path = RequestType.swift; sourceTree = "<group>"; };
		328A3CDB2BB4542F00B72204 /* QuestionsRequest.swift */ = {isa = PBXFileReference; lastKnownFileType = sourcecode.swift; path = QuestionsRequest.swift; sourceTree = "<group>"; };
/* End PBXFileReference section */

/* Begin PBXFrameworksBuildPhase section */
		328A3C8E2BB2DE5800B72204 /* Frameworks */ = {
			isa = PBXFrameworksBuildPhase;
			buildActionMask = 2147483647;
			files = (
			);
			runOnlyForDeploymentPostprocessing = 0;
		};
		328A3C9E2BB2DE5900B72204 /* Frameworks */ = {
			isa = PBXFrameworksBuildPhase;
			buildActionMask = 2147483647;
			files = (
			);
			runOnlyForDeploymentPostprocessing = 0;
		};
		328A3CA82BB2DE5900B72204 /* Frameworks */ = {
			isa = PBXFrameworksBuildPhase;
			buildActionMask = 2147483647;
			files = (
			);
			runOnlyForDeploymentPostprocessing = 0;
		};
/* End PBXFrameworksBuildPhase section */

/* Begin PBXGroup section */
		328A3C882BB2DE5800B72204 = {
			isa = PBXGroup;
			children = (
				328A3C932BB2DE5800B72204 /* Survey */,
				328A3CA42BB2DE5900B72204 /* SurveyTests */,
				328A3CAE2BB2DE5900B72204 /* SurveyUITests */,
				328A3C922BB2DE5800B72204 /* Products */,
			);
			sourceTree = "<group>";
		};
		328A3C922BB2DE5800B72204 /* Products */ = {
			isa = PBXGroup;
			children = (
				328A3C912BB2DE5800B72204 /* Survey.app */,
				328A3CA12BB2DE5900B72204 /* SurveyTests.xctest */,
				328A3CAB2BB2DE5900B72204 /* SurveyUITests.xctest */,
			);
			name = Products;
			sourceTree = "<group>";
		};
		328A3C932BB2DE5800B72204 /* Survey */ = {
			isa = PBXGroup;
			children = (
				328A3CD92BB4528100B72204 /* Networking */,
				328A3CDA2BB4538C00B72204 /* Services */,
				328A3C942BB2DE5800B72204 /* SurveyApp.swift */,
				328A3C962BB2DE5800B72204 /* ContentView.swift */,
				328A3C982BB2DE5900B72204 /* Assets.xcassets */,
				328A3C9A2BB2DE5900B72204 /* Preview Content */,
			);
			path = Survey;
			sourceTree = "<group>";
		};
		328A3C9A2BB2DE5900B72204 /* Preview Content */ = {
			isa = PBXGroup;
			children = (
				328A3C9B2BB2DE5900B72204 /* Preview Assets.xcassets */,
			);
			path = "Preview Content";
			sourceTree = "<group>";
		};
		328A3CA42BB2DE5900B72204 /* SurveyTests */ = {
			isa = PBXGroup;
			children = (
				328A3CA52BB2DE5900B72204 /* SurveyTests.swift */,
			);
			path = SurveyTests;
			sourceTree = "<group>";
		};
		328A3CAE2BB2DE5900B72204 /* SurveyUITests */ = {
			isa = PBXGroup;
			children = (
				328A3CAF2BB2DE5900B72204 /* SurveyUITests.swift */,
				328A3CB12BB2DE5900B72204 /* SurveyUITestsLaunchTests.swift */,
			);
			path = SurveyUITests;
			sourceTree = "<group>";
		};
		328A3CD92BB4528100B72204 /* Networking */ = {
			isa = PBXGroup;
			children = (
				328A3CBE2BB4524100B72204 /* LoggerInfo.swift */,
				328A3CBF2BB4524100B72204 /* NetworkError.swift */,
				328A3CC22BB4524100B72204 /* NetworkingManager.swift */,
				328A3CC32BB4524100B72204 /* RequestProtocol.swift */,
				328A3CC42BB4524100B72204 /* RequestType.swift */,
			);
			path = Networking;
			sourceTree = "<group>";
		};
		328A3CDA2BB4538C00B72204 /* Services */ = {
			isa = PBXGroup;
			children = (
				328A3CDB2BB4542F00B72204 /* QuestionsRequest.swift */,
			);
			path = Services;
			sourceTree = "<group>";
		};
/* End PBXGroup section */

/* Begin PBXNativeTarget section */
		328A3C902BB2DE5800B72204 /* Survey */ = {
			isa = PBXNativeTarget;
			buildConfigurationList = 328A3CB52BB2DE5900B72204 /* Build configuration list for PBXNativeTarget "Survey" */;
			buildPhases = (
				328A3C8D2BB2DE5800B72204 /* Sources */,
				328A3C8E2BB2DE5800B72204 /* Frameworks */,
				328A3C8F2BB2DE5800B72204 /* Resources */,
			);
			buildRules = (
			);
			dependencies = (
			);
			name = Survey;
			productName = Survey;
			productReference = 328A3C912BB2DE5800B72204 /* Survey.app */;
			productType = "com.apple.product-type.application";
		};
		328A3CA02BB2DE5900B72204 /* SurveyTests */ = {
			isa = PBXNativeTarget;
			buildConfigurationList = 328A3CB82BB2DE5900B72204 /* Build configuration list for PBXNativeTarget "SurveyTests" */;
			buildPhases = (
				328A3C9D2BB2DE5900B72204 /* Sources */,
				328A3C9E2BB2DE5900B72204 /* Frameworks */,
				328A3C9F2BB2DE5900B72204 /* Resources */,
			);
			buildRules = (
			);
			dependencies = (
				328A3CA32BB2DE5900B72204 /* PBXTargetDependency */,
			);
			name = SurveyTests;
			productName = SurveyTests;
			productReference = 328A3CA12BB2DE5900B72204 /* SurveyTests.xctest */;
			productType = "com.apple.product-type.bundle.unit-test";
		};
		328A3CAA2BB2DE5900B72204 /* SurveyUITests */ = {
			isa = PBXNativeTarget;
			buildConfigurationList = 328A3CBB2BB2DE5900B72204 /* Build configuration list for PBXNativeTarget "SurveyUITests" */;
			buildPhases = (
				328A3CA72BB2DE5900B72204 /* Sources */,
				328A3CA82BB2DE5900B72204 /* Frameworks */,
				328A3CA92BB2DE5900B72204 /* Resources */,
			);
			buildRules = (
			);
			dependencies = (
				328A3CAD2BB2DE5900B72204 /* PBXTargetDependency */,
			);
			name = SurveyUITests;
			productName = SurveyUITests;
			productReference = 328A3CAB2BB2DE5900B72204 /* SurveyUITests.xctest */;
			productType = "com.apple.product-type.bundle.ui-testing";
		};
/* End PBXNativeTarget section */

/* Begin PBXProject section */
		328A3C892BB2DE5800B72204 /* Project object */ = {
			isa = PBXProject;
			attributes = {
				BuildIndependentTargetsInParallel = 1;
				LastSwiftUpdateCheck = 1530;
				LastUpgradeCheck = 1530;
				TargetAttributes = {
					328A3C902BB2DE5800B72204 = {
						CreatedOnToolsVersion = 15.3;
					};
					328A3CA02BB2DE5900B72204 = {
						CreatedOnToolsVersion = 15.3;
						TestTargetID = 328A3C902BB2DE5800B72204;
					};
					328A3CAA2BB2DE5900B72204 = {
						CreatedOnToolsVersion = 15.3;
						TestTargetID = 328A3C902BB2DE5800B72204;
					};
				};
			};
			buildConfigurationList = 328A3C8C2BB2DE5800B72204 /* Build configuration list for PBXProject "Survey" */;
			compatibilityVersion = "Xcode 14.0";
			developmentRegion = en;
			hasScannedForEncodings = 0;
			knownRegions = (
				en,
				Base,
			);
			mainGroup = 328A3C882BB2DE5800B72204;
			productRefGroup = 328A3C922BB2DE5800B72204 /* Products */;
			projectDirPath = "";
			projectRoot = "";
			targets = (
				328A3C902BB2DE5800B72204 /* Survey */,
				328A3CA02BB2DE5900B72204 /* SurveyTests */,
				328A3CAA2BB2DE5900B72204 /* SurveyUITests */,
			);
		};
/* End PBXProject section */

/* Begin PBXResourcesBuildPhase section */
		328A3C8F2BB2DE5800B72204 /* Resources */ = {
			isa = PBXResourcesBuildPhase;
			buildActionMask = 2147483647;
			files = (
				328A3C9C2BB2DE5900B72204 /* Preview Assets.xcassets in Resources */,
				328A3C992BB2DE5900B72204 /* Assets.xcassets in Resources */,
			);
			runOnlyForDeploymentPostprocessing = 0;
		};
		328A3C9F2BB2DE5900B72204 /* Resources */ = {
			isa = PBXResourcesBuildPhase;
			buildActionMask = 2147483647;
			files = (
			);
			runOnlyForDeploymentPostprocessing = 0;
		};
		328A3CA92BB2DE5900B72204 /* Resources */ = {
			isa = PBXResourcesBuildPhase;
			buildActionMask = 2147483647;
			files = (
			);
			runOnlyForDeploymentPostprocessing = 0;
		};
/* End PBXResourcesBuildPhase section */

/* Begin PBXSourcesBuildPhase section */
		328A3C8D2BB2DE5800B72204 /* Sources */ = {
			isa = PBXSourcesBuildPhase;
			buildActionMask = 2147483647;
			files = (
				328A3C972BB2DE5800B72204 /* ContentView.swift in Sources */,
				328A3CD32BB4524100B72204 /* NetworkError.swift in Sources */,
				328A3CD52BB4524100B72204 /* NetworkingManager.swift in Sources */,
				328A3CD22BB4524100B72204 /* LoggerInfo.swift in Sources */,
				328A3C952BB2DE5800B72204 /* SurveyApp.swift in Sources */,
				328A3CDC2BB4542F00B72204 /* QuestionsRequest.swift in Sources */,
				328A3CD62BB4524100B72204 /* RequestProtocol.swift in Sources */,
				328A3CD72BB4524100B72204 /* RequestType.swift in Sources */,
			);
			runOnlyForDeploymentPostprocessing = 0;
		};
		328A3C9D2BB2DE5900B72204 /* Sources */ = {
			isa = PBXSourcesBuildPhase;
			buildActionMask = 2147483647;
			files = (
				328A3CA62BB2DE5900B72204 /* SurveyTests.swift in Sources */,
			);
			runOnlyForDeploymentPostprocessing = 0;
		};
		328A3CA72BB2DE5900B72204 /* Sources */ = {
			isa = PBXSourcesBuildPhase;
			buildActionMask = 2147483647;
			files = (
				328A3CB22BB2DE5900B72204 /* SurveyUITestsLaunchTests.swift in Sources */,
				328A3CB02BB2DE5900B72204 /* SurveyUITests.swift in Sources */,
			);
			runOnlyForDeploymentPostprocessing = 0;
		};
/* End PBXSourcesBuildPhase section */

/* Begin PBXTargetDependency section */
		328A3CA32BB2DE5900B72204 /* PBXTargetDependency */ = {
			isa = PBXTargetDependency;
			target = 328A3C902BB2DE5800B72204 /* Survey */;
			targetProxy = 328A3CA22BB2DE5900B72204 /* PBXContainerItemProxy */;
		};
		328A3CAD2BB2DE5900B72204 /* PBXTargetDependency */ = {
			isa = PBXTargetDependency;
			target = 328A3C902BB2DE5800B72204 /* Survey */;
			targetProxy = 328A3CAC2BB2DE5900B72204 /* PBXContainerItemProxy */;
		};
/* End PBXTargetDependency section */

/* Begin XCBuildConfiguration section */
		328A3CB32BB2DE5900B72204 /* Debug */ = {
			isa = XCBuildConfiguration;
			buildSettings = {
				ALWAYS_SEARCH_USER_PATHS = NO;
				ASSETCATALOG_COMPILER_GENERATE_SWIFT_ASSET_SYMBOL_EXTENSIONS = YES;
				CLANG_ANALYZER_NONNULL = YES;
				CLANG_ANALYZER_NUMBER_OBJECT_CONVERSION = YES_AGGRESSIVE;
				CLANG_CXX_LANGUAGE_STANDARD = "gnu++20";
				CLANG_ENABLE_MODULES = YES;
				CLANG_ENABLE_OBJC_ARC = YES;
				CLANG_ENABLE_OBJC_WEAK = YES;
				CLANG_WARN_BLOCK_CAPTURE_AUTORELEASING = YES;
				CLANG_WARN_BOOL_CONVERSION = YES;
				CLANG_WARN_COMMA = YES;
				CLANG_WARN_CONSTANT_CONVERSION = YES;
				CLANG_WARN_DEPRECATED_OBJC_IMPLEMENTATIONS = YES;
				CLANG_WARN_DIRECT_OBJC_ISA_USAGE = YES_ERROR;
				CLANG_WARN_DOCUMENTATION_COMMENTS = YES;
				CLANG_WARN_EMPTY_BODY = YES;
				CLANG_WARN_ENUM_CONVERSION = YES;
				CLANG_WARN_INFINITE_RECURSION = YES;
				CLANG_WARN_INT_CONVERSION = YES;
				CLANG_WARN_NON_LITERAL_NULL_CONVERSION = YES;
				CLANG_WARN_OBJC_IMPLICIT_RETAIN_SELF = YES;
				CLANG_WARN_OBJC_LITERAL_CONVERSION = YES;
				CLANG_WARN_OBJC_ROOT_CLASS = YES_ERROR;
				CLANG_WARN_QUOTED_INCLUDE_IN_FRAMEWORK_HEADER = YES;
				CLANG_WARN_RANGE_LOOP_ANALYSIS = YES;
				CLANG_WARN_STRICT_PROTOTYPES = YES;
				CLANG_WARN_SUSPICIOUS_MOVE = YES;
				CLANG_WARN_UNGUARDED_AVAILABILITY = YES_AGGRESSIVE;
				CLANG_WARN_UNREACHABLE_CODE = YES;
				CLANG_WARN__DUPLICATE_METHOD_MATCH = YES;
				COPY_PHASE_STRIP = NO;
				DEBUG_INFORMATION_FORMAT = dwarf;
				ENABLE_STRICT_OBJC_MSGSEND = YES;
				ENABLE_TESTABILITY = YES;
				ENABLE_USER_SCRIPT_SANDBOXING = YES;
				GCC_C_LANGUAGE_STANDARD = gnu17;
				GCC_DYNAMIC_NO_PIC = NO;
				GCC_NO_COMMON_BLOCKS = YES;
				GCC_OPTIMIZATION_LEVEL = 0;
				GCC_PREPROCESSOR_DEFINITIONS = (
					"DEBUG=1",
					"$(inherited)",
				);
				GCC_WARN_64_TO_32_BIT_CONVERSION = YES;
				GCC_WARN_ABOUT_RETURN_TYPE = YES_ERROR;
				GCC_WARN_UNDECLARED_SELECTOR = YES;
				GCC_WARN_UNINITIALIZED_AUTOS = YES_AGGRESSIVE;
				GCC_WARN_UNUSED_FUNCTION = YES;
				GCC_WARN_UNUSED_VARIABLE = YES;
				IPHONEOS_DEPLOYMENT_TARGET = 17.4;
				LOCALIZATION_PREFERS_STRING_CATALOGS = YES;
				MTL_ENABLE_DEBUG_INFO = INCLUDE_SOURCE;
				MTL_FAST_MATH = YES;
				ONLY_ACTIVE_ARCH = YES;
				SDKROOT = iphoneos;
				SWIFT_ACTIVE_COMPILATION_CONDITIONS = "DEBUG $(inherited)";
				SWIFT_OPTIMIZATION_LEVEL = "-Onone";
			};
			name = Debug;
		};
		328A3CB42BB2DE5900B72204 /* Release */ = {
			isa = XCBuildConfiguration;
			buildSettings = {
				ALWAYS_SEARCH_USER_PATHS = NO;
				ASSETCATALOG_COMPILER_GENERATE_SWIFT_ASSET_SYMBOL_EXTENSIONS = YES;
				CLANG_ANALYZER_NONNULL = YES;
				CLANG_ANALYZER_NUMBER_OBJECT_CONVERSION = YES_AGGRESSIVE;
				CLANG_CXX_LANGUAGE_STANDARD = "gnu++20";
				CLANG_ENABLE_MODULES = YES;
				CLANG_ENABLE_OBJC_ARC = YES;
				CLANG_ENABLE_OBJC_WEAK = YES;
				CLANG_WARN_BLOCK_CAPTURE_AUTORELEASING = YES;
				CLANG_WARN_BOOL_CONVERSION = YES;
				CLANG_WARN_COMMA = YES;
				CLANG_WARN_CONSTANT_CONVERSION = YES;
				CLANG_WARN_DEPRECATED_OBJC_IMPLEMENTATIONS = YES;
				CLANG_WARN_DIRECT_OBJC_ISA_USAGE = YES_ERROR;
				CLANG_WARN_DOCUMENTATION_COMMENTS = YES;
				CLANG_WARN_EMPTY_BODY = YES;
				CLANG_WARN_ENUM_CONVERSION = YES;
				CLANG_WARN_INFINITE_RECURSION = YES;
				CLANG_WARN_INT_CONVERSION = YES;
				CLANG_WARN_NON_LITERAL_NULL_CONVERSION = YES;
				CLANG_WARN_OBJC_IMPLICIT_RETAIN_SELF = YES;
				CLANG_WARN_OBJC_LITERAL_CONVERSION = YES;
				CLANG_WARN_OBJC_ROOT_CLASS = YES_ERROR;
				CLANG_WARN_QUOTED_INCLUDE_IN_FRAMEWORK_HEADER = YES;
				CLANG_WARN_RANGE_LOOP_ANALYSIS = YES;
				CLANG_WARN_STRICT_PROTOTYPES = YES;
				CLANG_WARN_SUSPICIOUS_MOVE = YES;
				CLANG_WARN_UNGUARDED_AVAILABILITY = YES_AGGRESSIVE;
				CLANG_WARN_UNREACHABLE_CODE = YES;
				CLANG_WARN__DUPLICATE_METHOD_MATCH = YES;
				COPY_PHASE_STRIP = NO;
				DEBUG_INFORMATION_FORMAT = "dwarf-with-dsym";
				ENABLE_NS_ASSERTIONS = NO;
				ENABLE_STRICT_OBJC_MSGSEND = YES;
				ENABLE_USER_SCRIPT_SANDBOXING = YES;
				GCC_C_LANGUAGE_STANDARD = gnu17;
				GCC_NO_COMMON_BLOCKS = YES;
				GCC_WARN_64_TO_32_BIT_CONVERSION = YES;
				GCC_WARN_ABOUT_RETURN_TYPE = YES_ERROR;
				GCC_WARN_UNDECLARED_SELECTOR = YES;
				GCC_WARN_UNINITIALIZED_AUTOS = YES_AGGRESSIVE;
				GCC_WARN_UNUSED_FUNCTION = YES;
				GCC_WARN_UNUSED_VARIABLE = YES;
				IPHONEOS_DEPLOYMENT_TARGET = 17.4;
				LOCALIZATION_PREFERS_STRING_CATALOGS = YES;
				MTL_ENABLE_DEBUG_INFO = NO;
				MTL_FAST_MATH = YES;
				SDKROOT = iphoneos;
				SWIFT_COMPILATION_MODE = wholemodule;
				VALIDATE_PRODUCT = YES;
			};
			name = Release;
		};
		328A3CB62BB2DE5900B72204 /* Debug */ = {
			isa = XCBuildConfiguration;
			buildSettings = {
				ASSETCATALOG_COMPILER_APPICON_NAME = AppIcon;
				ASSETCATALOG_COMPILER_GLOBAL_ACCENT_COLOR_NAME = AccentColor;
				CODE_SIGN_STYLE = Automatic;
				CURRENT_PROJECT_VERSION = 1;
				DEVELOPMENT_ASSET_PATHS = "\"Survey/Preview Content\"";
				DEVELOPMENT_TEAM = 964W23YLF9;
				ENABLE_PREVIEWS = YES;
				GENERATE_INFOPLIST_FILE = YES;
				INFOPLIST_KEY_UIApplicationSceneManifest_Generation = YES;
				INFOPLIST_KEY_UIApplicationSupportsIndirectInputEvents = YES;
				INFOPLIST_KEY_UILaunchScreen_Generation = YES;
				INFOPLIST_KEY_UISupportedInterfaceOrientations_iPad = "UIInterfaceOrientationPortrait UIInterfaceOrientationPortraitUpsideDown UIInterfaceOrientationLandscapeLeft UIInterfaceOrientationLandscapeRight";
				INFOPLIST_KEY_UISupportedInterfaceOrientations_iPhone = "UIInterfaceOrientationPortrait UIInterfaceOrientationLandscapeLeft UIInterfaceOrientationLandscapeRight";
				LD_RUNPATH_SEARCH_PATHS = (
					"$(inherited)",
					"@executable_path/Frameworks",
				);
				MARKETING_VERSION = 1.0;
				PRODUCT_BUNDLE_IDENTIFIER = com.Mariam.Survey;
				PRODUCT_NAME = "$(TARGET_NAME)";
				SWIFT_EMIT_LOC_STRINGS = YES;
				SWIFT_VERSION = 5.0;
				TARGETED_DEVICE_FAMILY = "1,2";
			};
			name = Debug;
		};
		328A3CB72BB2DE5900B72204 /* Release */ = {
			isa = XCBuildConfiguration;
			buildSettings = {
				ASSETCATALOG_COMPILER_APPICON_NAME = AppIcon;
				ASSETCATALOG_COMPILER_GLOBAL_ACCENT_COLOR_NAME = AccentColor;
				CODE_SIGN_STYLE = Automatic;
				CURRENT_PROJECT_VERSION = 1;
				DEVELOPMENT_ASSET_PATHS = "\"Survey/Preview Content\"";
				DEVELOPMENT_TEAM = 964W23YLF9;
				ENABLE_PREVIEWS = YES;
				GENERATE_INFOPLIST_FILE = YES;
				INFOPLIST_KEY_UIApplicationSceneManifest_Generation = YES;
				INFOPLIST_KEY_UIApplicationSupportsIndirectInputEvents = YES;
				INFOPLIST_KEY_UILaunchScreen_Generation = YES;
				INFOPLIST_KEY_UISupportedInterfaceOrientations_iPad = "UIInterfaceOrientationPortrait UIInterfaceOrientationPortraitUpsideDown UIInterfaceOrientationLandscapeLeft UIInterfaceOrientationLandscapeRight";
				INFOPLIST_KEY_UISupportedInterfaceOrientations_iPhone = "UIInterfaceOrientationPortrait UIInterfaceOrientationLandscapeLeft UIInterfaceOrientationLandscapeRight";
				LD_RUNPATH_SEARCH_PATHS = (
					"$(inherited)",
					"@executable_path/Frameworks",
				);
				MARKETING_VERSION = 1.0;
				PRODUCT_BUNDLE_IDENTIFIER = com.Mariam.Survey;
				PRODUCT_NAME = "$(TARGET_NAME)";
				SWIFT_EMIT_LOC_STRINGS = YES;
				SWIFT_VERSION = 5.0;
				TARGETED_DEVICE_FAMILY = "1,2";
			};
			name = Release;
		};
		328A3CB92BB2DE5900B72204 /* Debug */ = {
			isa = XCBuildConfiguration;
			buildSettings = {
				ALWAYS_EMBED_SWIFT_STANDARD_LIBRARIES = YES;
				BUNDLE_LOADER = "$(TEST_HOST)";
				CODE_SIGN_STYLE = Automatic;
				CURRENT_PROJECT_VERSION = 1;
				DEVELOPMENT_TEAM = 964W23YLF9;
				GENERATE_INFOPLIST_FILE = YES;
				IPHONEOS_DEPLOYMENT_TARGET = 17.4;
				MARKETING_VERSION = 1.0;
				PRODUCT_BUNDLE_IDENTIFIER = com.Mariam.SurveyTests;
				PRODUCT_NAME = "$(TARGET_NAME)";
				SWIFT_EMIT_LOC_STRINGS = NO;
				SWIFT_VERSION = 5.0;
				TARGETED_DEVICE_FAMILY = "1,2";
				TEST_HOST = "$(BUILT_PRODUCTS_DIR)/Survey.app/$(BUNDLE_EXECUTABLE_FOLDER_PATH)/Survey";
			};
			name = Debug;
		};
		328A3CBA2BB2DE5900B72204 /* Release */ = {
			isa = XCBuildConfiguration;
			buildSettings = {
				ALWAYS_EMBED_SWIFT_STANDARD_LIBRARIES = YES;
				BUNDLE_LOADER = "$(TEST_HOST)";
				CODE_SIGN_STYLE = Automatic;
				CURRENT_PROJECT_VERSION = 1;
				DEVELOPMENT_TEAM = 964W23YLF9;
				GENERATE_INFOPLIST_FILE = YES;
				IPHONEOS_DEPLOYMENT_TARGET = 17.4;
				MARKETING_VERSION = 1.0;
				PRODUCT_BUNDLE_IDENTIFIER = com.Mariam.SurveyTests;
				PRODUCT_NAME = "$(TARGET_NAME)";
				SWIFT_EMIT_LOC_STRINGS = NO;
				SWIFT_VERSION = 5.0;
				TARGETED_DEVICE_FAMILY = "1,2";
				TEST_HOST = "$(BUILT_PRODUCTS_DIR)/Survey.app/$(BUNDLE_EXECUTABLE_FOLDER_PATH)/Survey";
			};
			name = Release;
		};
		328A3CBC2BB2DE5900B72204 /* Debug */ = {
			isa = XCBuildConfiguration;
			buildSettings = {
				ALWAYS_EMBED_SWIFT_STANDARD_LIBRARIES = YES;
				CODE_SIGN_STYLE = Automatic;
				CURRENT_PROJECT_VERSION = 1;
				DEVELOPMENT_TEAM = 964W23YLF9;
				GENERATE_INFOPLIST_FILE = YES;
				MARKETING_VERSION = 1.0;
				PRODUCT_BUNDLE_IDENTIFIER = com.Mariam.SurveyUITests;
				PRODUCT_NAME = "$(TARGET_NAME)";
				SWIFT_EMIT_LOC_STRINGS = NO;
				SWIFT_VERSION = 5.0;
				TARGETED_DEVICE_FAMILY = "1,2";
				TEST_TARGET_NAME = Survey;
			};
			name = Debug;
		};
		328A3CBD2BB2DE5900B72204 /* Release */ = {
			isa = XCBuildConfiguration;
			buildSettings = {
				ALWAYS_EMBED_SWIFT_STANDARD_LIBRARIES = YES;
				CODE_SIGN_STYLE = Automatic;
				CURRENT_PROJECT_VERSION = 1;
				DEVELOPMENT_TEAM = 964W23YLF9;
				GENERATE_INFOPLIST_FILE = YES;
				MARKETING_VERSION = 1.0;
				PRODUCT_BUNDLE_IDENTIFIER = com.Mariam.SurveyUITests;
				PRODUCT_NAME = "$(TARGET_NAME)";
				SWIFT_EMIT_LOC_STRINGS = NO;
				SWIFT_VERSION = 5.0;
				TARGETED_DEVICE_FAMILY = "1,2";
				TEST_TARGET_NAME = Survey;
			};
			name = Release;
		};
/* End XCBuildConfiguration section */

/* Begin XCConfigurationList section */
		328A3C8C2BB2DE5800B72204 /* Build configuration list for PBXProject "Survey" */ = {
			isa = XCConfigurationList;
			buildConfigurations = (
				328A3CB32BB2DE5900B72204 /* Debug */,
				328A3CB42BB2DE5900B72204 /* Release */,
			);
			defaultConfigurationIsVisible = 0;
			defaultConfigurationName = Release;
		};
		328A3CB52BB2DE5900B72204 /* Build configuration list for PBXNativeTarget "Survey" */ = {
			isa = XCConfigurationList;
			buildConfigurations = (
				328A3CB62BB2DE5900B72204 /* Debug */,
				328A3CB72BB2DE5900B72204 /* Release */,
			);
			defaultConfigurationIsVisible = 0;
			defaultConfigurationName = Release;
		};
		328A3CB82BB2DE5900B72204 /* Build configuration list for PBXNativeTarget "SurveyTests" */ = {
			isa = XCConfigurationList;
			buildConfigurations = (
				328A3CB92BB2DE5900B72204 /* Debug */,
				328A3CBA2BB2DE5900B72204 /* Release */,
			);
			defaultConfigurationIsVisible = 0;
			defaultConfigurationName = Release;
		};
		328A3CBB2BB2DE5900B72204 /* Build configuration list for PBXNativeTarget "SurveyUITests" */ = {
			isa = XCConfigurationList;
			buildConfigurations = (
				328A3CBC2BB2DE5900B72204 /* Debug */,
				328A3CBD2BB2DE5900B72204 /* Release */,
			);
			defaultConfigurationIsVisible = 0;
			defaultConfigurationName = Release;
		};
/* End XCConfigurationList section */
	};
	rootObject = 328A3C892BB2DE5800B72204 /* Project object */;
}
